PATH
  remote: .
  specs:
    quickjs (0.11.1)
      json
      securerandom

GEM
  remote: https://rubygems.org/
  specs:
    json (2.7.2)
    minitest (6.0.1)
      prism (~> 1.5)
    prism (1.9.0)
    rake (13.2.1)
    rake-compiler (1.2.7)
      rake
    securerandom (0.3.1)

PLATFORMS
  ruby
  x86_64-darwin-23

DEPENDENCIES
  minitest (~> 6.0)
  quickjs!
  rake (~> 13.0)
  rake-compiler

BUNDLED WITH
   2.5.9
