{
  "name": "quickjs-rb-polyfills",
  "version": "0.13.0",
  "lockfileVersion": 3,
  "requires": true,
  "packages": {
    "": {
      "name": "quickjs-rb-polyfills",
      "version": "0.13.0",
      "dependencies": {
        "@formatjs/intl-datetimeformat": "^7.2.1",
        "@formatjs/intl-getcanonicallocales": "^3.2.1",
        "@formatjs/intl-locale": "^5.2.1",
        "@formatjs/intl-numberformat": "^9.2.2",
        "@formatjs/intl-pluralrules": "^6.2.2"
      },
      "devDependencies": {
        "rolldown": "^1.0.0-rc.3"
      }
    },
    "node_modules/@emnapi/core": {
      "version": "1.9.2",
      "resolved": "https://registry.npmjs.org/@emnapi/core/-/core-1.9.2.tgz",
      "integrity": "sha512-UC+ZhH3XtczQYfOlu3lNEkdW/p4dsJ1r/bP7H8+rhao3TTTMO1ATq/4DdIi23XuGoFY+Cz0JmCbdVl0hz9jZcA==",
      "dev": true,
      "license": "MIT",
      "optional": true,
      "dependencies": {
        "@emnapi/wasi-threads": "1.2.1",
        "tslib": "^2.4.0"
      }
    },
    "node_modules/@emnapi/runtime": {
      "version": "1.9.2",
      "resolved": "https://registry.npmjs.org/@emnapi/runtime/-/runtime-1.9.2.tgz",
      "integrity": "sha512-3U4+MIWHImeyu1wnmVygh5WlgfYDtyf0k8AbLhMFxOipihf6nrWC4syIm/SwEeec0mNSafiiNnMJwbza/Is6Lw==",
      "dev": true,
      "license": "MIT",
      "optional": true,
      "dependencies": {
        "tslib": "^2.4.0"
      }
    },
    "node_modules/@emnapi/wasi-threads": {
      "version": "1.2.1",
      "resolved": "https://registry.npmjs.org/@emnapi/wasi-threads/-/wasi-threads-1.2.1.tgz",
      "integrity": "sha512-uTII7OYF+/Mes/MrcIOYp5yOtSMLBWSIoLPpcgwipoiKbli6k322tcoFsxoIIxPDqW01SQGAgko4EzZi2BNv2w==",
      "dev": true,
      "license": "MIT",
      "optional": true,
      "dependencies": {
        "tslib": "^2.4.0"
      }
    },
    "node_modules/@formatjs/bigdecimal": {
      "version": "0.2.0",
      "resolved": "https://registry.npmjs.org/@formatjs/bigdecimal/-/bigdecimal-0.2.0.tgz",
      "integrity": "sha512-GeaxHZbUoYvHL9tC5eltHLs+1zU70aPw0s7LwqgktIzF5oMhNY4o4deEtusJMsq7WFJF3Ye2zQEzdG8beVk73w==",
      "license": "MIT"
    },
    "node_modules/@formatjs/ecma402-abstract": {
      "version": "3.2.0",
      "resolved": "https://registry.npmjs.org/@formatjs/ecma402-abstract/-/ecma402-abstract-3.2.0.tgz",
      "integrity": "sha512-dHnqHgBo6GXYGRsepaE1wmsC2etaivOWd5VaJstZd+HI2zR3DCUjbDVZRtoPGkkXZmyHvBwrdEUuqfvzhF/DtQ==",
      "license": "MIT",
      "dependencies": {
        "@formatjs/bigdecimal": "0.2.0",
        "@formatjs/fast-memoize": "3.1.1",
        "@formatjs/intl-localematcher": "0.8.2"
      }
    },
    "node_modules/@formatjs/fast-memoize": {
      "version": "3.1.1",
      "resolved": "https://registry.npmjs.org/@formatjs/fast-memoize/-/fast-memoize-3.1.1.tgz",
      "integrity": "sha512-CbNbf+tlJn1baRnPkNePnBqTLxGliG6DDgNa/UtV66abwIjwsliPMOt0172tzxABYzSuxZBZfcp//qI8AvBWPg==",
      "license": "MIT"
    },
    "node_modules/@formatjs/intl-datetimeformat": {
      "version": "7.3.1",
      "resolved": "https://registry.npmjs.org/@formatjs/intl-datetimeformat/-/intl-datetimeformat-7.3.1.tgz",
      "integrity": "sha512-FSnwLyQq7Zsw/H/CXASiwesijMU6C3Ir/gh4QVmH09ycK/84zgdTAfewJj5uw4S3L2FRx+oYF1BYkPtD9SFRmg==",
      "license": "MIT",
      "dependencies": {
        "@formatjs/bigdecimal": "0.2.0",
        "@formatjs/ecma402-abstract": "3.2.0",
        "@formatjs/intl-localematcher": "0.8.2"
      }
    },
    "node_modules/@formatjs/intl-getcanonicallocales": {
      "version": "3.2.2",
      "resolved": "https://registry.npmjs.org/@formatjs/intl-getcanonicallocales/-/intl-getcanonicallocales-3.2.2.tgz",
      "integrity": "sha512-pjF2zC26yXXLv9FlPes6zzOme9MwgqyeWYu8r5bP7qEdoDcaGsuQO3mk6pQb57t9bxdbIwrAhZFy0hH760SeWw==",
      "license": "MIT"
    },
    "node_modules/@formatjs/intl-locale": {
      "version": "5.3.1",
      "resolved": "https://registry.npmjs.org/@formatjs/intl-locale/-/intl-locale-5.3.1.tgz",
      "integrity": "sha512-txs0HyscmgtmSzrQFzsrM6iYajsAuonoRtuackvAlmW9VX6H4FTL4TzEJoL/Qn6FFAXaQ+wxB5YqlNFR1PtlbQ==",
      "license": "MIT",
      "dependencies": {
        "@formatjs/ecma402-abstract": "3.2.0",
        "@formatjs/intl-getcanonicallocales": "3.2.2",
        "@formatjs/intl-supportedvaluesof": "2.3.0"
      }
    },
    "node_modules/@formatjs/intl-localematcher": {
      "version": "0.8.2",
      "resolved": "https://registry.npmjs.org/@formatjs/intl-localematcher/-/intl-localematcher-0.8.2.tgz",
      "integrity": "sha512-q05KMYGJLyqFNFtIb8NhWLF5X3aK/k0wYt7dnRFuy6aLQL+vUwQ1cg5cO4qawEiINybeCPXAWlprY2mSBjSXAQ==",
      "license": "MIT",
      "dependencies": {
        "@formatjs/fast-memoize": "3.1.1"
      }
    },
    "node_modules/@formatjs/intl-numberformat": {
      "version": "9.3.1",
      "resolved": "https://registry.npmjs.org/@formatjs/intl-numberformat/-/intl-numberformat-9.3.1.tgz",
      "integrity": "sha512-u3EIcq7Tkg3e26N234YFtoagyxOTvi3eHjDzLySXD/EVzRaon2DJp1N8GochRl3PKMi5++fY5m9t4En0gmoZaw==",
      "license": "MIT",
      "dependencies": {
        "@formatjs/bigdecimal": "0.2.0",
        "@formatjs/ecma402-abstract": "3.2.0",
        "@formatjs/intl-localematcher": "0.8.2"
      }
    },
    "node_modules/@formatjs/intl-pluralrules": {
      "version": "6.3.1",
      "resolved": "https://registry.npmjs.org/@formatjs/intl-pluralrules/-/intl-pluralrules-6.3.1.tgz",
      "integrity": "sha512-2sn5PxsN1X0NfHlXSPfVZ5Kh5K0sMgdlgij9B5R2BZqSNbwW5eLtQ9V4xHSjwkiBauMFM75xyqt+MsVtptjwtA==",
      "license": "MIT",
      "dependencies": {
        "@formatjs/bigdecimal": "0.2.0",
        "@formatjs/ecma402-abstract": "3.2.0",
        "@formatjs/intl-localematcher": "0.8.2"
      }
    },
    "node_modules/@formatjs/intl-supportedvaluesof": {
      "version": "2.3.0",
      "resolved": "https://registry.npmjs.org/@formatjs/intl-supportedvaluesof/-/intl-supportedvaluesof-2.3.0.tgz",
      "integrity": "sha512-Fjw2ur3N+GrMLxjT6jLPCuAKFRNcWB1GDHB77pN8Lktx2z7MHJnlCA8q4NEZbJsDdVDsCeaesudHBe6el3khkg==",
      "license": "MIT",
      "dependencies": {
        "@formatjs/ecma402-abstract": "3.2.0",
        "@formatjs/fast-memoize": "3.1.1"
      }
    },
    "node_modules/@napi-rs/wasm-runtime": {
      "version": "1.1.3",
      "resolved": "https://registry.npmjs.org/@napi-rs/wasm-runtime/-/wasm-runtime-1.1.3.tgz",
      "integrity": "sha512-xK9sGVbJWYb08+mTJt3/YV24WxvxpXcXtP6B172paPZ+Ts69Re9dAr7lKwJoeIx8OoeuimEiRZ7umkiUVClmmQ==",
      "dev": true,
      "license": "MIT",
      "optional": true,
      "dependencies": {
        "@tybys/wasm-util": "^0.10.1"
      },
      "funding": {
        "type": "github",
        "url": "https://github.com/sponsors/Brooooooklyn"
      },
      "peerDependencies": {
        "@emnapi/core": "^1.7.1",
        "@emnapi/runtime": "^1.7.1"
      }
    },
    "node_modules/@oxc-project/types": {
      "version": "0.124.0",
      "resolved": "https://registry.npmjs.org/@oxc-project/types/-/types-0.124.0.tgz",
      "integrity": "sha512-VBFWMTBvHxS11Z5Lvlr3IWgrwhMTXV+Md+EQF0Xf60+wAdsGFTBx7X7K/hP4pi8N7dcm1RvcHwDxZ16Qx8keUg==",
      "dev": true,
      "license": "MIT",
      "funding": {
        "url": "https://github.com/sponsors/Boshen"
      }
    },
    "node_modules/@rolldown/binding-android-arm64": {
      "version": "1.0.0-rc.14",
      "resolved": "https://registry.npmjs.org/@rolldown/binding-android-arm64/-/binding-android-arm64-1.0.0-rc.14.tgz",
      "integrity": "sha512-rJgm6anlnBiT/lAhYXsBPaJhovM5JqRQ6k8UfDZdUXepaoxys8xcfNFp6bhJdbnTf2+I+YbLFJ5p1/VcI6wl2A==",
      "cpu": [
        "arm64"
      ],
      "dev": true,
      "license": "MIT",
      "optional": true,
      "os": [
        "android"
      ],
      "engines": {
        "node": "^20.19.0 || >=22.12.0"
      }
    },
    "node_modules/@rolldown/binding-darwin-arm64": {
      "version": "1.0.0-rc.14",
      "resolved": "https://registry.npmjs.org/@rolldown/binding-darwin-arm64/-/binding-darwin-arm64-1.0.0-rc.14.tgz",
      "integrity": "sha512-21+BaHtD0IF+cFaCJFMM5qMqtIDyT4dHcibIAEr7ZbtjG2MbXO5PjMqGN4rQkWAhrq638dcKWDZ5uUMUisJDHQ==",
      "cpu": [
        "arm64"
      ],
      "dev": true,
      "license": "MIT",
      "optional": true,
      "os": [
        "darwin"
      ],
      "engines": {
        "node": "^20.19.0 || >=22.12.0"
      }
    },
    "node_modules/@rolldown/binding-darwin-x64": {
      "version": "1.0.0-rc.14",
      "resolved": "https://registry.npmjs.org/@rolldown/binding-darwin-x64/-/binding-darwin-x64-1.0.0-rc.14.tgz",
      "integrity": "sha512-5hvOzj4a70rybFDFdKc8EclxoEzY7DjB53Xolbq8Sbo3HaN4U7j7Z45aPQXzCKG2I7HvybzdM2xW/AL0Afmrfg==",
      "cpu": [
        "x64"
      ],
      "dev": true,
      "license": "MIT",
      "optional": true,
      "os": [
        "darwin"
      ],
      "engines": {
        "node": "^20.19.0 || >=22.12.0"
      }
    },
    "node_modules/@rolldown/binding-freebsd-x64": {
      "version": "1.0.0-rc.14",
      "resolved": "https://registry.npmjs.org/@rolldown/binding-freebsd-x64/-/binding-freebsd-x64-1.0.0-rc.14.tgz",
      "integrity": "sha512-gVaINvIiN1YT7gjxs6d0//GDT2y2DTbKKIbLk5G5VOtCndHCTrbgceFlTgwq3h53k1OXTGd0gJtC5btDanjfbg==",
      "cpu": [
        "x64"
      ],
      "dev": true,
      "license": "MIT",
      "optional": true,
      "os": [
        "freebsd"
      ],
      "engines": {
        "node": "^20.19.0 || >=22.12.0"
      }
    },
    "node_modules/@rolldown/binding-linux-arm-gnueabihf": {
      "version": "1.0.0-rc.14",
      "resolved": "https://registry.npmjs.org/@rolldown/binding-linux-arm-gnueabihf/-/binding-linux-arm-gnueabihf-1.0.0-rc.14.tgz",
      "integrity": "sha512-el0dPE3R7H4e3wmaFN+1/jJe4nbTCdkbNMtw9Myj5t38eZXtv+O46hngnwq2VjeZOjz4Rc/FQDI+oGtE9pbZqQ==",
      "cpu": [
        "arm"
      ],
      "dev": true,
      "license": "MIT",
      "optional": true,
      "os": [
        "linux"
      ],
      "engines": {
        "node": "^20.19.0 || >=22.12.0"
      }
    },
    "node_modules/@rolldown/binding-linux-arm64-gnu": {
      "version": "1.0.0-rc.14",
      "resolved": "https://registry.npmjs.org/@rolldown/binding-linux-arm64-gnu/-/binding-linux-arm64-gnu-1.0.0-rc.14.tgz",
      "integrity": "sha512-+q7jyEYbYHVa+EhjmSh0LcJB46ve0SdGnqGaWfV+g4ud+wzUxIgv4MxZmqG7jNR4wLKX0+FHPn6RP6MDe6T5ZQ==",
      "cpu": [
        "arm64"
      ],
      "dev": true,
      "license": "MIT",
      "optional": true,
      "os": [
        "linux"
      ],
      "engines": {
        "node": "^20.19.0 || >=22.12.0"
      }
    },
    "node_modules/@rolldown/binding-linux-arm64-musl": {
      "version": "1.0.0-rc.14",
      "resolved": "https://registry.npmjs.org/@rolldown/binding-linux-arm64-musl/-/binding-linux-arm64-musl-1.0.0-rc.14.tgz",
      "integrity": "sha512-MM5zJpuf1Hz6JZmkZDi0WuJBqxDneYoh7WE8Hwy3bj2ebBMpAntS0CWgL/423P/5s9CzE9lygolMMdSkrtmDVg==",
      "cpu": [
        "arm64"
      ],
      "dev": true,
      "license": "MIT",
      "optional": true,
      "os": [
        "linux"
      ],
      "engines": {
        "node": "^20.19.0 || >=22.12.0"
      }
    },
    "node_modules/@rolldown/binding-linux-ppc64-gnu": {
      "version": "1.0.0-rc.14",
      "resolved": "https://registry.npmjs.org/@rolldown/binding-linux-ppc64-gnu/-/binding-linux-ppc64-gnu-1.0.0-rc.14.tgz",
      "integrity": "sha512-73h3xZDs0MSqJGjMyV4EjLXBIRs+YeIs0XN2/6DT5I0W5HyjTagH4QXa3CRHL77UAyS5xpr+RxKlJhkR5g05fA==",
      "cpu": [
        "ppc64"
      ],
      "dev": true,
      "license": "MIT",
      "optional": true,
      "os": [
        "linux"
      ],
      "engines": {
        "node": "^20.19.0 || >=22.12.0"
      }
    },
    "node_modules/@rolldown/binding-linux-s390x-gnu": {
      "version": "1.0.0-rc.14",
      "resolved": "https://registry.npmjs.org/@rolldown/binding-linux-s390x-gnu/-/binding-linux-s390x-gnu-1.0.0-rc.14.tgz",
      "integrity": "sha512-/Z9EkQlW8nnP1gmOjXIQRuGDadiRv/8gnYK0/dRv1nra4d2J2j70oqO4ltmpE0W24Ac7i1G0o/HIs9yXXj96mg==",
      "cpu": [
        "s390x"
      ],
      "dev": true,
      "license": "MIT",
      "optional": true,
      "os": [
        "linux"
      ],
      "engines": {
        "node": "^20.19.0 || >=22.12.0"
      }
    },
    "node_modules/@rolldown/binding-linux-x64-gnu": {
      "version": "1.0.0-rc.14",
      "resolved": "https://registry.npmjs.org/@rolldown/binding-linux-x64-gnu/-/binding-linux-x64-gnu-1.0.0-rc.14.tgz",
      "integrity": "sha512-7V6pMjtRh0J7eIcLjs9EvcuSk5Vz4qDY+u8GojpPEQ8X4+6F8Qq1fOkeyTD6QQvZpiuWeWCvSNwjwfi86wIJ+w==",
      "cpu": [
        "x64"
      ],
      "dev": true,
      "license": "MIT",
      "optional": true,
      "os": [
        "linux"
      ],
      "engines": {
        "node": "^20.19.0 || >=22.12.0"
      }
    },
    "node_modules/@rolldown/binding-linux-x64-musl": {
      "version": "1.0.0-rc.14",
      "resolved": "https://registry.npmjs.org/@rolldown/binding-linux-x64-musl/-/binding-linux-x64-musl-1.0.0-rc.14.tgz",
      "integrity": "sha512-Yxi4UdSPXJTtGjGEgObeWIWSOmVoXLXa8CmGCdb3GKmJS0kcmcklp1ClSC3VipQRxL0ALj9JuNUxfKUW6bIKjQ==",
      "cpu": [
        "x64"
      ],
      "dev": true,
      "license": "MIT",
      "optional": true,
      "os": [
        "linux"
      ],
      "engines": {
        "node": "^20.19.0 || >=22.12.0"
      }
    },
    "node_modules/@rolldown/binding-openharmony-arm64": {
      "version": "1.0.0-rc.14",
      "resolved": "https://registry.npmjs.org/@rolldown/binding-openharmony-arm64/-/binding-openharmony-arm64-1.0.0-rc.14.tgz",
      "integrity": "sha512-YOC79AFS2WCHU6v47tNw/rsLXW/Lj/WDRf8IVDpqN3cZk8ucLFAPxGCeyrIuIE6mYlTQdgIvmj22c/NC9EHTvg==",
      "cpu": [
        "arm64"
      ],
      "dev": true,
      "license": "MIT",
      "optional": true,
      "os": [
        "openharmony"
      ],
      "engines": {
        "node": "^20.19.0 || >=22.12.0"
      }
    },
    "node_modules/@rolldown/binding-wasm32-wasi": {
      "version": "1.0.0-rc.14",
      "resolved": "https://registry.npmjs.org/@rolldown/binding-wasm32-wasi/-/binding-wasm32-wasi-1.0.0-rc.14.tgz",
      "integrity": "sha512-dXoc9dGlySSwrn5hj8gaHTpFhJhh+eEHEQyWdqc56X/BCYxD1tjOAm5mkMXyEvolne9y9KCQgL1A/xEd1J3RBw==",
      "cpu": [
        "wasm32"
      ],
      "dev": true,
      "license": "MIT",
      "optional": true,
      "dependencies": {
        "@emnapi/core": "1.9.2",
        "@emnapi/runtime": "1.9.2",
        "@napi-rs/wasm-runtime": "^1.1.3"
      },
      "engines": {
        "node": ">=14.0.0"
      }
    },
    "node_modules/@rolldown/binding-win32-arm64-msvc": {
      "version": "1.0.0-rc.14",
      "resolved": "https://registry.npmjs.org/@rolldown/binding-win32-arm64-msvc/-/binding-win32-arm64-msvc-1.0.0-rc.14.tgz",
      "integrity": "sha512-G24v2feAC4rnKhlgzz0msbi4OCfvZHCS04Hayhy8Aj/kRLnUnN0JNMGJiNxsRLCmK2i9gBIR/X1geQysfr0h5g==",
      "cpu": [
        "arm64"
      ],
      "dev": true,
      "license": "MIT",
      "optional": true,
      "os": [
        "win32"
      ],
      "engines": {
        "node": "^20.19.0 || >=22.12.0"
      }
    },
    "node_modules/@rolldown/binding-win32-x64-msvc": {
      "version": "1.0.0-rc.14",
      "resolved": "https://registry.npmjs.org/@rolldown/binding-win32-x64-msvc/-/binding-win32-x64-msvc-1.0.0-rc.14.tgz",
      "integrity": "sha512-yS/76wZ3HLwb20YbFHEiwoqz//0uFLyEye4IMmcyPFmxHMJnd7DgOcJCGjUG/7fswBkvGT2AJeT24UYOIBtBSw==",
      "cpu": [
        "x64"
      ],
      "dev": true,
      "license": "MIT",
      "optional": true,
      "os": [
        "win32"
      ],
      "engines": {
        "node": "^20.19.0 || >=22.12.0"
      }
    },
    "node_modules/@rolldown/pluginutils": {
      "version": "1.0.0-rc.14",
      "resolved": "https://registry.npmjs.org/@rolldown/pluginutils/-/pluginutils-1.0.0-rc.14.tgz",
      "integrity": "sha512-ktoSqSpdex3xml4M3wV//KiF8MiQkMz8bz2e7SUJvCK9qyL/XjAnLLB+UO3+uE9RLxqUhuDzddc7Cf+EaZ169Q==",
      "dev": true,
      "license": "MIT"
    },
    "node_modules/@tybys/wasm-util": {
      "version": "0.10.1",
      "resolved": "https://registry.npmjs.org/@tybys/wasm-util/-/wasm-util-0.10.1.tgz",
      "integrity": "sha512-9tTaPJLSiejZKx+Bmog4uSubteqTvFrVrURwkmHixBo0G4seD0zUxp98E1DzUBJxLQ3NPwXrGKDiVjwx/DpPsg==",
      "dev": true,
      "license": "MIT",
      "optional": true,
      "dependencies": {
        "tslib": "^2.4.0"
      }
    },
    "node_modules/rolldown": {
      "version": "1.0.0-rc.14",
      "resolved": "https://registry.npmjs.org/rolldown/-/rolldown-1.0.0-rc.14.tgz",
      "integrity": "sha512-bGQjaQyK9k7ovrbYNWNOHorqO0gYZpip+I3PTi4iDL1nDe1qkOOwYp2BHGnpCw4LVcTjM+rhJ0mvxX12lu3hiA==",
      "dev": true,
      "license": "MIT",
      "dependencies": {
        "@oxc-project/types": "=0.124.0",
        "@rolldown/pluginutils": "1.0.0-rc.14"
      },
      "bin": {
        "rolldown": "bin/cli.mjs"
      },
      "engines": {
        "node": "^20.19.0 || >=22.12.0"
      },
      "optionalDependencies": {
        "@rolldown/binding-android-arm64": "1.0.0-rc.14",
        "@rolldown/binding-darwin-arm64": "1.0.0-rc.14",
        "@rolldown/binding-darwin-x64": "1.0.0-rc.14",
        "@rolldown/binding-freebsd-x64": "1.0.0-rc.14",
        "@rolldown/binding-linux-arm-gnueabihf": "1.0.0-rc.14",
        "@rolldown/binding-linux-arm64-gnu": "1.0.0-rc.14",
        "@rolldown/binding-linux-arm64-musl": "1.0.0-rc.14",
        "@rolldown/binding-linux-ppc64-gnu": "1.0.0-rc.14",
        "@rolldown/binding-linux-s390x-gnu": "1.0.0-rc.14",
        "@rolldown/binding-linux-x64-gnu": "1.0.0-rc.14",
        "@rolldown/binding-linux-x64-musl": "1.0.0-rc.14",
        "@rolldown/binding-openharmony-arm64": "1.0.0-rc.14",
        "@rolldown/binding-wasm32-wasi": "1.0.0-rc.14",
        "@rolldown/binding-win32-arm64-msvc": "1.0.0-rc.14",
        "@rolldown/binding-win32-x64-msvc": "1.0.0-rc.14"
      }
    },
    "node_modules/tslib": {
      "version": "2.8.1",
      "resolved": "https://registry.npmjs.org/tslib/-/tslib-2.8.1.tgz",
      "integrity": "sha512-oJFu94HQb+KVduSUQL7wnpmqnfmLsOA/nAh6b6EH0wCEoK0/mPeXU6c3wKDV83MkOuHPRHtSXKKU99IBazS/2w==",
      "dev": true,
      "license": "0BSD",
      "optional": true
    }
  }
}
