{
  "name": "quickjs-rb-polyfills",
  "version": "0.12.0",
  "lockfileVersion": 3,
  "requires": true,
  "packages": {
    "": {
      "name": "quickjs-rb-polyfills",
      "version": "0.12.0",
      "dependencies": {
        "@formatjs/intl-datetimeformat": "^7.2.1",
        "@formatjs/intl-getcanonicallocales": "^3.2.1",
        "@formatjs/intl-locale": "^5.2.1",
        "@formatjs/intl-numberformat": "^9.2.2",
        "@formatjs/intl-pluralrules": "^6.2.2"
      },
      "devDependencies": {
        "rolldown": "^1.0.0-rc.3"
      }
    },
    "node_modules/@emnapi/core": {
      "version": "1.8.1",
      "resolved": "https://registry.npmjs.org/@emnapi/core/-/core-1.8.1.tgz",
      "integrity": "sha512-AvT9QFpxK0Zd8J0jopedNm+w/2fIzvtPKPjqyw9jwvBaReTTqPBk9Hixaz7KbjimP+QNz605/XnjFcDAL2pqBg==",
      "dev": true,
      "license": "MIT",
      "optional": true,
      "dependencies": {
        "@emnapi/wasi-threads": "1.1.0",
        "tslib": "^2.4.0"
      }
    },
    "node_modules/@emnapi/runtime": {
      "version": "1.8.1",
      "resolved": "https://registry.npmjs.org/@emnapi/runtime/-/runtime-1.8.1.tgz",
      "integrity": "sha512-mehfKSMWjjNol8659Z8KxEMrdSJDDot5SXMq00dM8BN4o+CLNXQ0xH2V7EchNHV4RmbZLmmPdEaXZc5H2FXmDg==",
      "dev": true,
      "license": "MIT",
      "optional": true,
      "dependencies": {
        "tslib": "^2.4.0"
      }
    },
    "node_modules/@emnapi/wasi-threads": {
      "version": "1.1.0",
      "resolved": "https://registry.npmjs.org/@emnapi/wasi-threads/-/wasi-threads-1.1.0.tgz",
      "integrity": "sha512-WI0DdZ8xFSbgMjR1sFsKABJ/C5OnRrjT06JXbZKexJGrDuPTzZdDYfFlsgcCXCyf+suG5QU2e/y1Wo2V/OapLQ==",
      "dev": true,
      "license": "MIT",
      "optional": true,
      "dependencies": {
        "tslib": "^2.4.0"
      }
    },
    "node_modules/@formatjs/ecma402-abstract": {
      "version": "3.1.1",
      "resolved": "https://registry.npmjs.org/@formatjs/ecma402-abstract/-/ecma402-abstract-3.1.1.tgz",
      "integrity": "sha512-jhZbTwda+2tcNrs4kKvxrPLPjx8QsBCLCUgrrJ/S+G9YrGHWLhAyFMMBHJBnBoOwuLHd7L14FgYudviKaxkO2Q==",
      "license": "MIT",
      "dependencies": {
        "@formatjs/fast-memoize": "3.1.0",
        "@formatjs/intl-localematcher": "0.8.1",
        "decimal.js": "^10.6.0",
        "tslib": "^2.8.1"
      }
    },
    "node_modules/@formatjs/fast-memoize": {
      "version": "3.1.0",
      "resolved": "https://registry.npmjs.org/@formatjs/fast-memoize/-/fast-memoize-3.1.0.tgz",
      "integrity": "sha512-b5mvSWCI+XVKiz5WhnBCY3RJ4ZwfjAidU0yVlKa3d3MSgKmH1hC3tBGEAtYyN5mqL7N0G5x0BOUYyO8CEupWgg==",
      "license": "MIT",
      "dependencies": {
        "tslib": "^2.8.1"
      }
    },
    "node_modules/@formatjs/intl-datetimeformat": {
      "version": "7.2.1",
      "resolved": "https://registry.npmjs.org/@formatjs/intl-datetimeformat/-/intl-datetimeformat-7.2.1.tgz",
      "integrity": "sha512-JWtiQbpIsNttHpU5+lmohA6LcKRqa4PJhWiLRmtjfNhsaKf8Wk+24HKMmEGBo0jmhF+ItKz0lXQYH5JC0ayavQ==",
      "license": "MIT",
      "dependencies": {
        "@formatjs/ecma402-abstract": "3.1.1",
        "@formatjs/intl-localematcher": "0.8.1",
        "decimal.js": "^10.6.0",
        "tslib": "^2.8.1"
      }
    },
    "node_modules/@formatjs/intl-getcanonicallocales": {
      "version": "3.2.1",
      "resolved": "https://registry.npmjs.org/@formatjs/intl-getcanonicallocales/-/intl-getcanonicallocales-3.2.1.tgz",
      "integrity": "sha512-PTA+89A0xLI/NhjDRG+aNeT3EH8w+Rtvo9TOfEpyCS/AAXZZ2gmvynVcbIhMYcJBowNUXP3bpjiSGWWu7cVKWg==",
      "license": "MIT",
      "dependencies": {
        "tslib": "^2.8.1"
      }
    },
    "node_modules/@formatjs/intl-locale": {
      "version": "5.2.1",
      "resolved": "https://registry.npmjs.org/@formatjs/intl-locale/-/intl-locale-5.2.1.tgz",
      "integrity": "sha512-gpURQZ+TCZw3H5EmqRdiQnaEy4CtKO9sWgdOhhiWkLy132R5yzs8MT5XqJQwuKBaKikVLR1GEJ7l6TUdBl9eDQ==",
      "license": "MIT",
      "dependencies": {
        "@formatjs/ecma402-abstract": "3.1.1",
        "@formatjs/intl-getcanonicallocales": "3.2.1",
        "@formatjs/intl-supportedvaluesof": "2.2.1",
        "tslib": "^2.8.1"
      }
    },
    "node_modules/@formatjs/intl-localematcher": {
      "version": "0.8.1",
      "resolved": "https://registry.npmjs.org/@formatjs/intl-localematcher/-/intl-localematcher-0.8.1.tgz",
      "integrity": "sha512-xwEuwQFdtSq1UKtQnyTZWC+eHdv7Uygoa+H2k/9uzBVQjDyp9r20LNDNKedWXll7FssT3GRHvqsdJGYSUWqYFA==",
      "license": "MIT",
      "dependencies": {
        "@formatjs/fast-memoize": "3.1.0",
        "tslib": "^2.8.1"
      }
    },
    "node_modules/@formatjs/intl-numberformat": {
      "version": "9.2.2",
      "resolved": "https://registry.npmjs.org/@formatjs/intl-numberformat/-/intl-numberformat-9.2.2.tgz",
      "integrity": "sha512-U0nK05NWfGfEfxCCH7R47/mKFy0tkN5o9hA4t5FGpb2/z4AzibGJzAe0NxXPdZxcXKfE+YHRQK+OY27ggaubcQ==",
      "license": "MIT",
      "dependencies": {
        "@formatjs/ecma402-abstract": "3.1.1",
        "@formatjs/intl-localematcher": "0.8.1",
        "decimal.js": "^10.6.0",
        "tslib": "^2.8.1"
      }
    },
    "node_modules/@formatjs/intl-pluralrules": {
      "version": "6.2.2",
      "resolved": "https://registry.npmjs.org/@formatjs/intl-pluralrules/-/intl-pluralrules-6.2.2.tgz",
      "integrity": "sha512-nWotN5BsZb9WVjm2+1zffFPGSpBdy58irA3TIaYHtIYNr+vkb9aM7OU7uHtOGfC9niZoix9huyGd5NumPIvdbw==",
      "license": "MIT",
      "dependencies": {
        "@formatjs/ecma402-abstract": "3.1.1",
        "@formatjs/intl-localematcher": "0.8.1",
        "decimal.js": "^10.6.0",
        "tslib": "^2.8.1"
      }
    },
    "node_modules/@formatjs/intl-supportedvaluesof": {
      "version": "2.2.1",
      "resolved": "https://registry.npmjs.org/@formatjs/intl-supportedvaluesof/-/intl-supportedvaluesof-2.2.1.tgz",
      "integrity": "sha512-3fv7YFAovx2+Qi3e1GgylAuwdn8g2YG05AGP0VgOFBsVLfSafIs5Wd4nlDXZBliLLlX3JS+ARb/Es+krTnTxEA==",
      "license": "MIT",
      "dependencies": {
        "@formatjs/ecma402-abstract": "3.1.1",
        "@formatjs/fast-memoize": "3.1.0",
        "tslib": "^2.8.1"
      }
    },
    "node_modules/@napi-rs/wasm-runtime": {
      "version": "1.1.1",
      "resolved": "https://registry.npmjs.org/@napi-rs/wasm-runtime/-/wasm-runtime-1.1.1.tgz",
      "integrity": "sha512-p64ah1M1ld8xjWv3qbvFwHiFVWrq1yFvV4f7w+mzaqiR4IlSgkqhcRdHwsGgomwzBH51sRY4NEowLxnaBjcW/A==",
      "dev": true,
      "license": "MIT",
      "optional": true,
      "dependencies": {
        "@emnapi/core": "^1.7.1",
        "@emnapi/runtime": "^1.7.1",
        "@tybys/wasm-util": "^0.10.1"
      },
      "funding": {
        "type": "github",
        "url": "https://github.com/sponsors/Brooooooklyn"
      }
    },
    "node_modules/@oxc-project/types": {
      "version": "0.112.0",
      "resolved": "https://registry.npmjs.org/@oxc-project/types/-/types-0.112.0.tgz",
      "integrity": "sha512-m6RebKHIRsax2iCwVpYW2ErQwa4ywHJrE4sCK3/8JK8ZZAWOKXaRJFl/uP51gaVyyXlaS4+chU1nSCdzYf6QqQ==",
      "dev": true,
      "license": "MIT",
      "funding": {
        "url": "https://github.com/sponsors/Boshen"
      }
    },
    "node_modules/@rolldown/binding-android-arm64": {
      "version": "1.0.0-rc.3",
      "resolved": "https://registry.npmjs.org/@rolldown/binding-android-arm64/-/binding-android-arm64-1.0.0-rc.3.tgz",
      "integrity": "sha512-0T1k9FinuBZ/t7rZ8jN6OpUKPnUjNdYHoj/cESWrQ3ZraAJ4OMm6z7QjSfCxqj8mOp9kTKc1zHK3kGz5vMu+nQ==",
      "cpu": [
        "arm64"
      ],
      "dev": true,
      "license": "MIT",
      "optional": true,
      "os": [
        "android"
      ],
      "engines": {
        "node": "^20.19.0 || >=22.12.0"
      }
    },
    "node_modules/@rolldown/binding-darwin-arm64": {
      "version": "1.0.0-rc.3",
      "resolved": "https://registry.npmjs.org/@rolldown/binding-darwin-arm64/-/binding-darwin-arm64-1.0.0-rc.3.tgz",
      "integrity": "sha512-JWWLzvcmc/3pe7qdJqPpuPk91SoE/N+f3PcWx/6ZwuyDVyungAEJPvKm/eEldiDdwTmaEzWfIR+HORxYWrCi1A==",
      "cpu": [
        "arm64"
      ],
      "dev": true,
      "license": "MIT",
      "optional": true,
      "os": [
        "darwin"
      ],
      "engines": {
        "node": "^20.19.0 || >=22.12.0"
      }
    },
    "node_modules/@rolldown/binding-darwin-x64": {
      "version": "1.0.0-rc.3",
      "resolved": "https://registry.npmjs.org/@rolldown/binding-darwin-x64/-/binding-darwin-x64-1.0.0-rc.3.tgz",
      "integrity": "sha512-MTakBxfx3tde5WSmbHxuqlDsIW0EzQym+PJYGF4P6lG2NmKzi128OGynoFUqoD5ryCySEY85dug4v+LWGBElIw==",
      "cpu": [
        "x64"
      ],
      "dev": true,
      "license": "MIT",
      "optional": true,
      "os": [
        "darwin"
      ],
      "engines": {
        "node": "^20.19.0 || >=22.12.0"
      }
    },
    "node_modules/@rolldown/binding-freebsd-x64": {
      "version": "1.0.0-rc.3",
      "resolved": "https://registry.npmjs.org/@rolldown/binding-freebsd-x64/-/binding-freebsd-x64-1.0.0-rc.3.tgz",
      "integrity": "sha512-jje3oopyOLs7IwfvXoS6Lxnmie5JJO7vW29fdGFu5YGY1EDbVDhD+P9vDihqS5X6fFiqL3ZQZCMBg6jyHkSVww==",
      "cpu": [
        "x64"
      ],
      "dev": true,
      "license": "MIT",
      "optional": true,
      "os": [
        "freebsd"
      ],
      "engines": {
        "node": "^20.19.0 || >=22.12.0"
      }
    },
    "node_modules/@rolldown/binding-linux-arm-gnueabihf": {
      "version": "1.0.0-rc.3",
      "resolved": "https://registry.npmjs.org/@rolldown/binding-linux-arm-gnueabihf/-/binding-linux-arm-gnueabihf-1.0.0-rc.3.tgz",
      "integrity": "sha512-A0n8P3hdLAaqzSFrQoA42p23ZKBYQOw+8EH5r15Sa9X1kD9/JXe0YT2gph2QTWvdr0CVK2BOXiK6ENfy6DXOag==",
      "cpu": [
        "arm"
      ],
      "dev": true,
      "license": "MIT",
      "optional": true,
      "os": [
        "linux"
      ],
      "engines": {
        "node": "^20.19.0 || >=22.12.0"
      }
    },
    "node_modules/@rolldown/binding-linux-arm64-gnu": {
      "version": "1.0.0-rc.3",
      "resolved": "https://registry.npmjs.org/@rolldown/binding-linux-arm64-gnu/-/binding-linux-arm64-gnu-1.0.0-rc.3.tgz",
      "integrity": "sha512-kWXkoxxarYISBJ4bLNf5vFkEbb4JvccOwxWDxuK9yee8lg5XA7OpvlTptfRuwEvYcOZf+7VS69Uenpmpyo5Bjw==",
      "cpu": [
        "arm64"
      ],
      "dev": true,
      "license": "MIT",
      "optional": true,
      "os": [
        "linux"
      ],
      "engines": {
        "node": "^20.19.0 || >=22.12.0"
      }
    },
    "node_modules/@rolldown/binding-linux-arm64-musl": {
      "version": "1.0.0-rc.3",
      "resolved": "https://registry.npmjs.org/@rolldown/binding-linux-arm64-musl/-/binding-linux-arm64-musl-1.0.0-rc.3.tgz",
      "integrity": "sha512-Z03/wrqau9Bicfgb3Dbs6SYTHliELk2PM2LpG2nFd+cGupTMF5kanLEcj2vuuJLLhptNyS61rtk7SOZ+lPsTUA==",
      "cpu": [
        "arm64"
      ],
      "dev": true,
      "license": "MIT",
      "optional": true,
      "os": [
        "linux"
      ],
      "engines": {
        "node": "^20.19.0 || >=22.12.0"
      }
    },
    "node_modules/@rolldown/binding-linux-x64-gnu": {
      "version": "1.0.0-rc.3",
      "resolved": "https://registry.npmjs.org/@rolldown/binding-linux-x64-gnu/-/binding-linux-x64-gnu-1.0.0-rc.3.tgz",
      "integrity": "sha512-iSXXZsQp08CSilff/DCTFZHSVEpEwdicV3W8idHyrByrcsRDVh9sGC3sev6d8BygSGj3vt8GvUKBPCoyMA4tgQ==",
      "cpu": [
        "x64"
      ],
      "dev": true,
      "license": "MIT",
      "optional": true,
      "os": [
        "linux"
      ],
      "engines": {
        "node": "^20.19.0 || >=22.12.0"
      }
    },
    "node_modules/@rolldown/binding-linux-x64-musl": {
      "version": "1.0.0-rc.3",
      "resolved": "https://registry.npmjs.org/@rolldown/binding-linux-x64-musl/-/binding-linux-x64-musl-1.0.0-rc.3.tgz",
      "integrity": "sha512-qaj+MFudtdCv9xZo9znFvkgoajLdc+vwf0Kz5N44g+LU5XMe+IsACgn3UG7uTRlCCvhMAGXm1XlpEA5bZBrOcw==",
      "cpu": [
        "x64"
      ],
      "dev": true,
      "license": "MIT",
      "optional": true,
      "os": [
        "linux"
      ],
      "engines": {
        "node": "^20.19.0 || >=22.12.0"
      }
    },
    "node_modules/@rolldown/binding-openharmony-arm64": {
      "version": "1.0.0-rc.3",
      "resolved": "https://registry.npmjs.org/@rolldown/binding-openharmony-arm64/-/binding-openharmony-arm64-1.0.0-rc.3.tgz",
      "integrity": "sha512-U662UnMETyjT65gFmG9ma+XziENrs7BBnENi/27swZPYagubfHRirXHG2oMl+pEax2WvO7Kb9gHZmMakpYqBHQ==",
      "cpu": [
        "arm64"
      ],
      "dev": true,
      "license": "MIT",
      "optional": true,
      "os": [
        "openharmony"
      ],
      "engines": {
        "node": "^20.19.0 || >=22.12.0"
      }
    },
    "node_modules/@rolldown/binding-wasm32-wasi": {
      "version": "1.0.0-rc.3",
      "resolved": "https://registry.npmjs.org/@rolldown/binding-wasm32-wasi/-/binding-wasm32-wasi-1.0.0-rc.3.tgz",
      "integrity": "sha512-gekrQ3Q2HiC1T5njGyuUJoGpK/l6B/TNXKed3fZXNf9YRTJn3L5MOZsFBn4bN2+UX+8+7hgdlTcEsexX988G4g==",
      "cpu": [
        "wasm32"
      ],
      "dev": true,
      "license": "MIT",
      "optional": true,
      "dependencies": {
        "@napi-rs/wasm-runtime": "^1.1.1"
      },
      "engines": {
        "node": ">=14.0.0"
      }
    },
    "node_modules/@rolldown/binding-win32-arm64-msvc": {
      "version": "1.0.0-rc.3",
      "resolved": "https://registry.npmjs.org/@rolldown/binding-win32-arm64-msvc/-/binding-win32-arm64-msvc-1.0.0-rc.3.tgz",
      "integrity": "sha512-85y5JifyMgs8m5K2XzR/VDsapKbiFiohl7s5lEj7nmNGO0pkTXE7q6TQScei96BNAsoK7JC3pA7ukA8WRHVJpg==",
      "cpu": [
        "arm64"
      ],
      "dev": true,
      "license": "MIT",
      "optional": true,
      "os": [
        "win32"
      ],
      "engines": {
        "node": "^20.19.0 || >=22.12.0"
      }
    },
    "node_modules/@rolldown/binding-win32-x64-msvc": {
      "version": "1.0.0-rc.3",
      "resolved": "https://registry.npmjs.org/@rolldown/binding-win32-x64-msvc/-/binding-win32-x64-msvc-1.0.0-rc.3.tgz",
      "integrity": "sha512-a4VUQZH7LxGbUJ3qJ/TzQG8HxdHvf+jOnqf7B7oFx1TEBm+j2KNL2zr5SQ7wHkNAcaPevF6gf9tQnVBnC4mD+A==",
      "cpu": [
        "x64"
      ],
      "dev": true,
      "license": "MIT",
      "optional": true,
      "os": [
        "win32"
      ],
      "engines": {
        "node": "^20.19.0 || >=22.12.0"
      }
    },
    "node_modules/@rolldown/pluginutils": {
      "version": "1.0.0-rc.3",
      "resolved": "https://registry.npmjs.org/@rolldown/pluginutils/-/pluginutils-1.0.0-rc.3.tgz",
      "integrity": "sha512-eybk3TjzzzV97Dlj5c+XrBFW57eTNhzod66y9HrBlzJ6NsCrWCp/2kaPS3K9wJmurBC0Tdw4yPjXKZqlznim3Q==",
      "dev": true,
      "license": "MIT"
    },
    "node_modules/@tybys/wasm-util": {
      "version": "0.10.1",
      "resolved": "https://registry.npmjs.org/@tybys/wasm-util/-/wasm-util-0.10.1.tgz",
      "integrity": "sha512-9tTaPJLSiejZKx+Bmog4uSubteqTvFrVrURwkmHixBo0G4seD0zUxp98E1DzUBJxLQ3NPwXrGKDiVjwx/DpPsg==",
      "dev": true,
      "license": "MIT",
      "optional": true,
      "dependencies": {
        "tslib": "^2.4.0"
      }
    },
    "node_modules/decimal.js": {
      "version": "10.6.0",
      "resolved": "https://registry.npmjs.org/decimal.js/-/decimal.js-10.6.0.tgz",
      "integrity": "sha512-YpgQiITW3JXGntzdUmyUR1V812Hn8T1YVXhCu+wO3OpS4eU9l4YdD3qjyiKdV6mvV29zapkMeD390UVEf2lkUg==",
      "license": "MIT"
    },
    "node_modules/rolldown": {
      "version": "1.0.0-rc.3",
      "resolved": "https://registry.npmjs.org/rolldown/-/rolldown-1.0.0-rc.3.tgz",
      "integrity": "sha512-Po/YZECDOqVXjIXrtC5h++a5NLvKAQNrd9ggrIG3sbDfGO5BqTUsrI6l8zdniKRp3r5Tp/2JTrXqx4GIguFCMw==",
      "dev": true,
      "license": "MIT",
      "dependencies": {
        "@oxc-project/types": "=0.112.0",
        "@rolldown/pluginutils": "1.0.0-rc.3"
      },
      "bin": {
        "rolldown": "bin/cli.mjs"
      },
      "engines": {
        "node": "^20.19.0 || >=22.12.0"
      },
      "optionalDependencies": {
        "@rolldown/binding-android-arm64": "1.0.0-rc.3",
        "@rolldown/binding-darwin-arm64": "1.0.0-rc.3",
        "@rolldown/binding-darwin-x64": "1.0.0-rc.3",
        "@rolldown/binding-freebsd-x64": "1.0.0-rc.3",
        "@rolldown/binding-linux-arm-gnueabihf": "1.0.0-rc.3",
        "@rolldown/binding-linux-arm64-gnu": "1.0.0-rc.3",
        "@rolldown/binding-linux-arm64-musl": "1.0.0-rc.3",
        "@rolldown/binding-linux-x64-gnu": "1.0.0-rc.3",
        "@rolldown/binding-linux-x64-musl": "1.0.0-rc.3",
        "@rolldown/binding-openharmony-arm64": "1.0.0-rc.3",
        "@rolldown/binding-wasm32-wasi": "1.0.0-rc.3",
        "@rolldown/binding-win32-arm64-msvc": "1.0.0-rc.3",
        "@rolldown/binding-win32-x64-msvc": "1.0.0-rc.3"
      }
    },
    "node_modules/tslib": {
      "version": "2.8.1",
      "resolved": "https://registry.npmjs.org/tslib/-/tslib-2.8.1.tgz",
      "integrity": "sha512-oJFu94HQb+KVduSUQL7wnpmqnfmLsOA/nAh6b6EH0wCEoK0/mPeXU6c3wKDV83MkOuHPRHtSXKKU99IBazS/2w==",
      "license": "0BSD"
    }
  }
}
